// !$*UTF8*$!
{
	archiveVersion = 1;
	classes = {
	};
	objectVersion = 56;
	objects = {

/* Begin PBXBuildFile section */
		A83850F62ACD4A97006FD670 /* HourTableViewController.swift in Sources */ = {isa = PBXBuildFile; fileRef = A83850F52ACD4A97006FD670 /* HourTableViewController.swift */; };
		A83850F82ACD4B11006FD670 /* SearchViewController.swift in Sources */ = {isa = PBXBuildFile; fileRef = A83850F72ACD4B11006FD670 /* SearchViewController.swift */; };
		A83850FA2ACD4BA7006FD670 /* AstronomyViewController.swift in Sources */ = {isa = PBXBuildFile; fileRef = A83850F92ACD4BA7006FD670 /* AstronomyViewController.swift */; };
		A83850FC2ACD4BED006FD670 /* DetailsViewController.swift in Sources */ = {isa = PBXBuildFile; fileRef = A83850FB2ACD4BED006FD670 /* DetailsViewController.swift */; };
		A83850FE2ACD4C25006FD670 /* OverviewViewController.swift in Sources */ = {isa = PBXBuildFile; fileRef = A83850FD2ACD4C25006FD670 /* OverviewViewController.swift */; };
		B174E5612ACC5E4A00955ACA /* AppDelegate.swift in Sources */ = {isa = PBXBuildFile; fileRef = B174E5602ACC5E4A00955ACA /* AppDelegate.swift */; };
		B174E5632ACC5E4A00955ACA /* SceneDelegate.swift in Sources */ = {isa = PBXBuildFile; fileRef = B174E5622ACC5E4A00955ACA /* SceneDelegate.swift */; };
		B174E5682ACC5E4A00955ACA /* Main.storyboard in Resources */ = {isa = PBXBuildFile; fileRef = B174E5662ACC5E4A00955ACA /* Main.storyboard */; };
		B174E56A2ACC5E4B00955ACA /* Assets.xcassets in Resources */ = {isa = PBXBuildFile; fileRef = B174E5692ACC5E4B00955ACA /* Assets.xcassets */; };
		B174E56D2ACC5E4B00955ACA /* LaunchScreen.storyboard in Resources */ = {isa = PBXBuildFile; fileRef = B174E56B2ACC5E4B00955ACA /* LaunchScreen.storyboard */; };
/* End PBXBuildFile section */

/* Begin PBXFileReference section */
		A83850F52ACD4A97006FD670 /* HourTableViewController.swift */ = {isa = PBXFileReference; lastKnownFileType = sourcecode.swift; path = HourTableViewController.swift; sourceTree = "<group>"; };
		A83850F72ACD4B11006FD670 /* SearchViewController.swift */ = {isa = PBXFileReference; lastKnownFileType = sourcecode.swift; path = SearchViewController.swift; sourceTree = "<group>"; };
		A83850F92ACD4BA7006FD670 /* AstronomyViewController.swift */ = {isa = PBXFileReference; lastKnownFileType = sourcecode.swift; path = AstronomyViewController.swift; sourceTree = "<group>"; };
		A83850FB2ACD4BED006FD670 /* DetailsViewController.swift */ = {isa = PBXFileReference; lastKnownFileType = sourcecode.swift; path = DetailsViewController.swift; sourceTree = "<group>"; };
		A83850FD2ACD4C25006FD670 /* OverviewViewController.swift */ = {isa = PBXFileReference; lastKnownFileType = sourcecode.swift; path = OverviewViewController.swift; sourceTree = "<group>"; };
		B174E55D2ACC5E4A00955ACA /* weathr.app */ = {isa = PBXFileReference; explicitFileType = wrapper.application; includeInIndex = 0; path = weathr.app; sourceTree = BUILT_PRODUCTS_DIR; };
		B174E5602ACC5E4A00955ACA /* AppDelegate.swift */ = {isa = PBXFileReference; lastKnownFileType = sourcecode.swift; path = AppDelegate.swift; sourceTree = "<group>"; };
		B174E5622ACC5E4A00955ACA /* SceneDelegate.swift */ = {isa = PBXFileReference; lastKnownFileType = sourcecode.swift; path = SceneDelegate.swift; sourceTree = "<group>"; };
		B174E5672ACC5E4A00955ACA /* Base */ = {isa = PBXFileReference; lastKnownFileType = file.storyboard; name = Base; path = Base.lproj/Main.storyboard; sourceTree = "<group>"; };
		B174E5692ACC5E4B00955ACA /* Assets.xcassets */ = {isa = PBXFileReference; lastKnownFileType = folder.assetcatalog; path = Assets.xcassets; sourceTree = "<group>"; };
		B174E56C2ACC5E4B00955ACA /* Base */ = {isa = PBXFileReference; lastKnownFileType = file.storyboard; name = Base; path = Base.lproj/LaunchScreen.storyboard; sourceTree = "<group>"; };
		B174E56E2ACC5E4B00955ACA /* Info.plist */ = {isa = PBXFileReference; lastKnownFileType = text.plist.xml; path = Info.plist; sourceTree = "<group>"; };
/* End PBXFileReference section */

/* Begin PBXFrameworksBuildPhase section */
		B174E55A2ACC5E4A00955ACA /* Frameworks */ = {
			isa = PBXFrameworksBuildPhase;
			buildActionMask = 2147483647;
			files = (
			);
			runOnlyForDeploymentPostprocessing = 0;
		};
/* End PBXFrameworksBuildPhase section */

/* Begin PBXGroup section */
		B174E5542ACC5E4A00955ACA = {
			isa = PBXGroup;
			children = (
				B174E55F2ACC5E4A00955ACA /* weathr */,
				B174E55E2ACC5E4A00955ACA /* Products */,
			);
			sourceTree = "<group>";
		};
		B174E55E2ACC5E4A00955ACA /* Products */ = {
			isa = PBXGroup;
			children = (
				B174E55D2ACC5E4A00955ACA /* weathr.app */,
			);
			name = Products;
			sourceTree = "<group>";
		};
		B174E55F2ACC5E4A00955ACA /* weathr */ = {
			isa = PBXGroup;
			children = (
				B174E5602ACC5E4A00955ACA /* AppDelegate.swift */,
				B174E5622ACC5E4A00955ACA /* SceneDelegate.swift */,
				A83850FD2ACD4C25006FD670 /* OverviewViewController.swift */,
				B174E5662ACC5E4A00955ACA /* Main.storyboard */,
				A83850FB2ACD4BED006FD670 /* DetailsViewController.swift */,
				A83850F92ACD4BA7006FD670 /* AstronomyViewController.swift */,
				A83850F72ACD4B11006FD670 /* SearchViewController.swift */,
				A83850F52ACD4A97006FD670 /* HourTableViewController.swift */,
				B174E5692ACC5E4B00955ACA /* Assets.xcassets */,
				B174E56B2ACC5E4B00955ACA /* LaunchScreen.storyboard */,
				B174E56E2ACC5E4B00955ACA /* Info.plist */,
			);
			path = weathr;
			sourceTree = "<group>";
		};
/* End PBXGroup section */

/* Begin PBXNativeTarget section */
		B174E55C2ACC5E4A00955ACA /* weathr */ = {
			isa = PBXNativeTarget;
			buildConfigurationList = B174E5712ACC5E4B00955ACA /* Build configuration list for PBXNativeTarget "weathr" */;
			buildPhases = (
				B174E5592ACC5E4A00955ACA /* Sources */,
				B174E55A2ACC5E4A00955ACA /* Frameworks */,
				B174E55B2ACC5E4A00955ACA /* Resources */,
			);
			buildRules = (
			);
			dependencies = (
			);
			name = weathr;
			productName = weathr;
			productReference = B174E55D2ACC5E4A00955ACA /* weathr.app */;
			productType = "com.apple.product-type.application";
		};
/* End PBXNativeTarget section */

/* Begin PBXProject section */
		B174E5552ACC5E4A00955ACA /* Project object */ = {
			isa = PBXProject;
			attributes = {
				BuildIndependentTargetsInParallel = 1;
				LastSwiftUpdateCheck = 1500;
				LastUpgradeCheck = 1500;
				TargetAttributes = {
					B174E55C2ACC5E4A00955ACA = {
						CreatedOnToolsVersion = 15.0;
					};
				};
			};
			buildConfigurationList = B174E5582ACC5E4A00955ACA /* Build configuration list for PBXProject "weathr" */;
			compatibilityVersion = "Xcode 14.0";
			developmentRegion = en;
			hasScannedForEncodings = 0;
			knownRegions = (
				en,
				Base,
			);
			mainGroup = B174E5542ACC5E4A00955ACA;
			productRefGroup = B174E55E2ACC5E4A00955ACA /* Products */;
			projectDirPath = "";
			projectRoot = "";
			targets = (
				B174E55C2ACC5E4A00955ACA /* weathr */,
			);
		};
/* End PBXProject section */

/* Begin PBXResourcesBuildPhase section */
		B174E55B2ACC5E4A00955ACA /* Resources */ = {
			isa = PBXResourcesBuildPhase;
			buildActionMask = 2147483647;
			files = (
				B174E56D2ACC5E4B00955ACA /* LaunchScreen.storyboard in Resources */,
				B174E56A2ACC5E4B00955ACA /* Assets.xcassets in Resources */,
				B174E5682ACC5E4A00955ACA /* Main.storyboard in Resources */,
			);
			runOnlyForDeploymentPostprocessing = 0;
		};
/* End PBXResourcesBuildPhase section */

/* Begin PBXSourcesBuildPhase section */
		B174E5592ACC5E4A00955ACA /* Sources */ = {
			isa = PBXSourcesBuildPhase;
			buildActionMask = 2147483647;
			files = (
				A83850F82ACD4B11006FD670 /* SearchViewController.swift in Sources */,
				A83850F62ACD4A97006FD670 /* HourTableViewController.swift in Sources */,
				B174E5612ACC5E4A00955ACA /* AppDelegate.swift in Sources */,
				A83850FC2ACD4BED006FD670 /* DetailsViewController.swift in Sources */,
				A83850FE2ACD4C25006FD670 /* OverviewViewController.swift in Sources */,
				B174E5632ACC5E4A00955ACA /* SceneDelegate.swift in Sources */,
				A83850FA2ACD4BA7006FD670 /* AstronomyViewController.swift in Sources */,
			);
			runOnlyForDeploymentPostprocessing = 0;
		};
/* End PBXSourcesBuildPhase section */

/* Begin PBXVariantGroup section */
		B174E5662ACC5E4A00955ACA /* Main.storyboard */ = {
			isa = PBXVariantGroup;
			children = (
				B174E5672ACC5E4A00955ACA /* Base */,
			);
			name = Main.storyboard;
			sourceTree = "<group>";
		};
		B174E56B2ACC5E4B00955ACA /* LaunchScreen.storyboard */ = {
			isa = PBXVariantGroup;
			children = (
				B174E56C2ACC5E4B00955ACA /* Base */,
			);
			name = LaunchScreen.storyboard;
			sourceTree = "<group>";
		};
/* End PBXVariantGroup section */

/* Begin XCBuildConfiguration section */
		B174E56F2ACC5E4B00955ACA /* Debug */ = {
			isa = XCBuildConfiguration;
			buildSettings = {
				ALWAYS_SEARCH_USER_PATHS = NO;
				ASSETCATALOG_COMPILER_GENERATE_SWIFT_ASSET_SYMBOL_EXTENSIONS = YES;
				CLANG_ANALYZER_NONNULL = YES;
				CLANG_ANALYZER_NUMBER_OBJECT_CONVERSION = YES_AGGRESSIVE;
				CLANG_CXX_LANGUAGE_STANDARD = "gnu++20";
				CLANG_ENABLE_MODULES = YES;
				CLANG_ENABLE_OBJC_ARC = YES;
				CLANG_ENABLE_OBJC_WEAK = YES;
				CLANG_WARN_BLOCK_CAPTURE_AUTORELEASING = YES;
				CLANG_WARN_BOOL_CONVERSION = YES;
				CLANG_WARN_COMMA = YES;
				CLANG_WARN_CONSTANT_CONVERSION = YES;
				CLANG_WARN_DEPRECATED_OBJC_IMPLEMENTATIONS = YES;
				CLANG_WARN_DIRECT_OBJC_ISA_USAGE = YES_ERROR;
				CLANG_WARN_DOCUMENTATION_COMMENTS = YES;
				CLANG_WARN_EMPTY_BODY = YES;
				CLANG_WARN_ENUM_CONVERSION = YES;
				CLANG_WARN_INFINITE_RECURSION = YES;
				CLANG_WARN_INT_CONVERSION = YES;
				CLANG_WARN_NON_LITERAL_NULL_CONVERSION = YES;
				CLANG_WARN_OBJC_IMPLICIT_RETAIN_SELF = YES;
				CLANG_WARN_OBJC_LITERAL_CONVERSION = YES;
				CLANG_WARN_OBJC_ROOT_CLASS = YES_ERROR;
				CLANG_WARN_QUOTED_INCLUDE_IN_FRAMEWORK_HEADER = YES;
				CLANG_WARN_RANGE_LOOP_ANALYSIS = YES;
				CLANG_WARN_STRICT_PROTOTYPES = YES;
				CLANG_WARN_SUSPICIOUS_MOVE = YES;
				CLANG_WARN_UNGUARDED_AVAILABILITY = YES_AGGRESSIVE;
				CLANG_WARN_UNREACHABLE_CODE = YES;
				CLANG_WARN__DUPLICATE_METHOD_MATCH = YES;
				COPY_PHASE_STRIP = NO;
				DEBUG_INFORMATION_FORMAT = dwarf;
				ENABLE_STRICT_OBJC_MSGSEND = YES;
				ENABLE_TESTABILITY = YES;
				ENABLE_USER_SCRIPT_SANDBOXING = YES;
				GCC_C_LANGUAGE_STANDARD = gnu17;
				GCC_DYNAMIC_NO_PIC = NO;
				GCC_NO_COMMON_BLOCKS = YES;
				GCC_OPTIMIZATION_LEVEL = 0;
				GCC_PREPROCESSOR_DEFINITIONS = (
					"DEBUG=1",
					"$(inherited)",
				);
				GCC_WARN_64_TO_32_BIT_CONVERSION = YES;
				GCC_WARN_ABOUT_RETURN_TYPE = YES_ERROR;
				GCC_WARN_UNDECLARED_SELECTOR = YES;
				GCC_WARN_UNINITIALIZED_AUTOS = YES_AGGRESSIVE;
				GCC_WARN_UNUSED_FUNCTION = YES;
				GCC_WARN_UNUSED_VARIABLE = YES;
				IPHONEOS_DEPLOYMENT_TARGET = 17.0;
				LOCALIZATION_PREFERS_STRING_CATALOGS = YES;
				MTL_ENABLE_DEBUG_INFO = INCLUDE_SOURCE;
				MTL_FAST_MATH = YES;
				ONLY_ACTIVE_ARCH = YES;
				SDKROOT = iphoneos;
				SWIFT_ACTIVE_COMPILATION_CONDITIONS = "DEBUG $(inherited)";
				SWIFT_OPTIMIZATION_LEVEL = "-Onone";
			};
			name = Debug;
		};
		B174E5702ACC5E4B00955ACA /* Release */ = {
			isa = XCBuildConfiguration;
			buildSettings = {
				ALWAYS_SEARCH_USER_PATHS = NO;
				ASSETCATALOG_COMPILER_GENERATE_SWIFT_ASSET_SYMBOL_EXTENSIONS = YES;
				CLANG_ANALYZER_NONNULL = YES;
				CLANG_ANALYZER_NUMBER_OBJECT_CONVERSION = YES_AGGRESSIVE;
				CLANG_CXX_LANGUAGE_STANDARD = "gnu++20";
				CLANG_ENABLE_MODULES = YES;
				CLANG_ENABLE_OBJC_ARC = YES;
				CLANG_ENABLE_OBJC_WEAK = YES;
				CLANG_WARN_BLOCK_CAPTURE_AUTORELEASING = YES;
				CLANG_WARN_BOOL_CONVERSION = YES;
				CLANG_WARN_COMMA = YES;
				CLANG_WARN_CONSTANT_CONVERSION = YES;
				CLANG_WARN_DEPRECATED_OBJC_IMPLEMENTATIONS = YES;
				CLANG_WARN_DIRECT_OBJC_ISA_USAGE = YES_ERROR;
				CLANG_WARN_DOCUMENTATION_COMMENTS = YES;
				CLANG_WARN_EMPTY_BODY = YES;
				CLANG_WARN_ENUM_CONVERSION = YES;
				CLANG_WARN_INFINITE_RECURSION = YES;
				CLANG_WARN_INT_CONVERSION = YES;
				CLANG_WARN_NON_LITERAL_NULL_CONVERSION = YES;
				CLANG_WARN_OBJC_IMPLICIT_RETAIN_SELF = YES;
				CLANG_WARN_OBJC_LITERAL_CONVERSION = YES;
				CLANG_WARN_OBJC_ROOT_CLASS = YES_ERROR;
				CLANG_WARN_QUOTED_INCLUDE_IN_FRAMEWORK_HEADER = YES;
				CLANG_WARN_RANGE_LOOP_ANALYSIS = YES;
				CLANG_WARN_STRICT_PROTOTYPES = YES;
				CLANG_WARN_SUSPICIOUS_MOVE = YES;
				CLANG_WARN_UNGUARDED_AVAILABILITY = YES_AGGRESSIVE;
				CLANG_WARN_UNREACHABLE_CODE = YES;
				CLANG_WARN__DUPLICATE_METHOD_MATCH = YES;
				COPY_PHASE_STRIP = NO;
				DEBUG_INFORMATION_FORMAT = "dwarf-with-dsym";
				ENABLE_NS_ASSERTIONS = NO;
				ENABLE_STRICT_OBJC_MSGSEND = YES;
				ENABLE_USER_SCRIPT_SANDBOXING = YES;
				GCC_C_LANGUAGE_STANDARD = gnu17;
				GCC_NO_COMMON_BLOCKS = YES;
				GCC_WARN_64_TO_32_BIT_CONVERSION = YES;
				GCC_WARN_ABOUT_RETURN_TYPE = YES_ERROR;
				GCC_WARN_UNDECLARED_SELECTOR = YES;
				GCC_WARN_UNINITIALIZED_AUTOS = YES_AGGRESSIVE;
				GCC_WARN_UNUSED_FUNCTION = YES;
				GCC_WARN_UNUSED_VARIABLE = YES;
				IPHONEOS_DEPLOYMENT_TARGET = 17.0;
				LOCALIZATION_PREFERS_STRING_CATALOGS = YES;
				MTL_ENABLE_DEBUG_INFO = NO;
				MTL_FAST_MATH = YES;
				SDKROOT = iphoneos;
				SWIFT_COMPILATION_MODE = wholemodule;
				VALIDATE_PRODUCT = YES;
			};
			name = Release;
		};
		B174E5722ACC5E4B00955ACA /* Debug */ = {
			isa = XCBuildConfiguration;
			buildSettings = {
				ASSETCATALOG_COMPILER_APPICON_NAME = AppIcon;
				ASSETCATALOG_COMPILER_GLOBAL_ACCENT_COLOR_NAME = AccentColor;
				CODE_SIGN_STYLE = Automatic;
				CURRENT_PROJECT_VERSION = 1;
				GENERATE_INFOPLIST_FILE = YES;
				INFOPLIST_FILE = weathr/Info.plist;
				INFOPLIST_KEY_UIApplicationSupportsIndirectInputEvents = YES;
				INFOPLIST_KEY_UILaunchStoryboardName = LaunchScreen;
				INFOPLIST_KEY_UIMainStoryboardFile = Main;
				INFOPLIST_KEY_UISupportedInterfaceOrientations_iPad = "UIInterfaceOrientationPortrait UIInterfaceOrientationPortraitUpsideDown UIInterfaceOrientationLandscapeLeft UIInterfaceOrientationLandscapeRight";
				INFOPLIST_KEY_UISupportedInterfaceOrientations_iPhone = "UIInterfaceOrientationPortrait UIInterfaceOrientationLandscapeLeft UIInterfaceOrientationLandscapeRight";
				LD_RUNPATH_SEARCH_PATHS = (
					"$(inherited)",
					"@executable_path/Frameworks",
				);
				MARKETING_VERSION = 1.0;
				PRODUCT_BUNDLE_IDENTIFIER = myTeam.weathr;
				PRODUCT_NAME = "$(TARGET_NAME)";
				SWIFT_EMIT_LOC_STRINGS = YES;
				SWIFT_VERSION = 5.0;
				TARGETED_DEVICE_FAMILY = "1,2";
			};
			name = Debug;
		};
		B174E5732ACC5E4B00955ACA /* Release */ = {
			isa = XCBuildConfiguration;
			buildSettings = {
				ASSETCATALOG_COMPILER_APPICON_NAME = AppIcon;
				ASSETCATALOG_COMPILER_GLOBAL_ACCENT_COLOR_NAME = AccentColor;
				CODE_SIGN_STYLE = Automatic;
				CURRENT_PROJECT_VERSION = 1;
				GENERATE_INFOPLIST_FILE = YES;
				INFOPLIST_FILE = weathr/Info.plist;
				INFOPLIST_KEY_UIApplicationSupportsIndirectInputEvents = YES;
				INFOPLIST_KEY_UILaunchStoryboardName = LaunchScreen;
				INFOPLIST_KEY_UIMainStoryboardFile = Main;
				INFOPLIST_KEY_UISupportedInterfaceOrientations_iPad = "UIInterfaceOrientationPortrait UIInterfaceOrientationPortraitUpsideDown UIInterfaceOrientationLandscapeLeft UIInterfaceOrientationLandscapeRight";
				INFOPLIST_KEY_UISupportedInterfaceOrientations_iPhone = "UIInterfaceOrientationPortrait UIInterfaceOrientationLandscapeLeft UIInterfaceOrientationLandscapeRight";
				LD_RUNPATH_SEARCH_PATHS = (
					"$(inherited)",
					"@executable_path/Frameworks",
				);
				MARKETING_VERSION = 1.0;
				PRODUCT_BUNDLE_IDENTIFIER = myTeam.weathr;
				PRODUCT_NAME = "$(TARGET_NAME)";
				SWIFT_EMIT_LOC_STRINGS = YES;
				SWIFT_VERSION = 5.0;
				TARGETED_DEVICE_FAMILY = "1,2";
			};
			name = Release;
		};
/* End XCBuildConfiguration section */

/* Begin XCConfigurationList section */
		B174E5582ACC5E4A00955ACA /* Build configuration list for PBXProject "weathr" */ = {
			isa = XCConfigurationList;
			buildConfigurations = (
				B174E56F2ACC5E4B00955ACA /* Debug */,
				B174E5702ACC5E4B00955ACA /* Release */,
			);
			defaultConfigurationIsVisible = 0;
			defaultConfigurationName = Release;
		};
		B174E5712ACC5E4B00955ACA /* Build configuration list for PBXNativeTarget "weathr" */ = {
			isa = XCConfigurationList;
			buildConfigurations = (
				B174E5722ACC5E4B00955ACA /* Debug */,
				B174E5732ACC5E4B00955ACA /* Release */,
			);
			defaultConfigurationIsVisible = 0;
			defaultConfigurationName = Release;
		};
/* End XCConfigurationList section */
	};
	rootObject = B174E5552ACC5E4A00955ACA /* Project object */;
}
